<?xml version="1.0" encoding="utf-8"?>
<Project ToolsVersion="4.0" xmlns="http://schemas.microsoft.com/developer/msbuild/2003">
  <ItemGroup>
    <Filter Include="Source Files">
      <UniqueIdentifier>{4FC737F1-C7A5-4376-A066-2A32D752A2FF}</UniqueIdentifier>
      <Extensions>cpp;c;cc;cxx;def;odl;idl;hpj;bat;asm;asmx</Extensions>
    </Filter>
    <Filter Include="Resource Files">
      <UniqueIdentifier>{67DA6AB6-F800-4c08-8B7A-83BB121AAD01}</UniqueIdentifier>
      <Extensions>rc;ico;cur;bmp;dlg;rc2;rct;bin;rgs;gif;jpg;jpeg;jpe;resx;tiff;tif;png;wav;mfcribbon-ms</Extensions>
    </Filter>
    <Filter Include="Shader">
      <UniqueIdentifier>{8d18c37d-0e50-4a43-af1e-a11de7058b31}</UniqueIdentifier>
    </Filter>
    <Filter Include="Header Files">
      <UniqueIdentifier>{93995380-89BD-4b04-88EB-625FBE52EBFB}</UniqueIdentifier>
      <Extensions>h;hh;hpp;hxx;hm;inl;inc;xsd</Extensions>
    </Filter>
    <Filter Include="Header Files\Eve Header">
      <UniqueIdentifier>{eab13bff-dea6-406d-bf4b-9974fabe53d9}</UniqueIdentifier>
    </Filter>
    <Filter Include="Source Files\Eve">
      <UniqueIdentifier>{a5d6fe73-82e2-4d18-aaf3-1827528d7e49}</UniqueIdentifier>
    </Filter>
    <Filter Include="Source Files\Render">
      <UniqueIdentifier>{4c00b284-c29d-491e-b9e5-c363ba9e4403}</UniqueIdentifier>
    </Filter>
    <Filter Include="Header Files\Render Header">
      <UniqueIdentifier>{4911ad16-5f38-4566-afda-9dcebf637a07}</UniqueIdentifier>
    </Filter>
    <Filter Include="Source Files\Window">
      <UniqueIdentifier>{e9c4be52-7a6c-455d-92cc-597758bbcaff}</UniqueIdentifier>
    </Filter>
    <Filter Include="Header Files\Window">
      <UniqueIdentifier>{547af93e-e4c5-476e-8807-17cab638f47f}</UniqueIdentifier>
    </Filter>
    <Filter Include="Stuff thats not done">
      <UniqueIdentifier>{241355ce-e8b8-4afe-8b58-48449d45673f}</UniqueIdentifier>
    </Filter>
    <Filter Include="Source Files\NeuralNetwork">
      <UniqueIdentifier>{90ec8bc1-28b9-4464-996e-9f7fb423b1bd}</UniqueIdentifier>
    </Filter>
    <Filter Include="Header Files\NeuralNetwork">
      <UniqueIdentifier>{a8725a78-6e12-451e-a9a6-56a6fcafbc49}</UniqueIdentifier>
    </Filter>
  </ItemGroup>
  <ItemGroup>
    <ClInclude Include="include.h">
      <Filter>Header Files</Filter>
    </ClInclude>
    <ClInclude Include="Texture.h">
      <Filter>Header Files\Render Header</Filter>
    </ClInclude>
    <ClInclude Include="RenderClass.h">
      <Filter>Header Files\Render Header</Filter>
    </ClInclude>
    <ClInclude Include="Model.h">
      <Filter>Header Files\Render Header</Filter>
    </ClInclude>
    <ClInclude Include="World.h">
      <Filter>Header Files\Eve Header</Filter>
    </ClInclude>
    <ClInclude Include="Chunk.h">
      <Filter>Header Files\Eve Header</Filter>
    </ClInclude>
    <ClInclude Include="Cell.h">
      <Filter>Header Files\Eve Header</Filter>
    </ClInclude>
    <ClInclude Include="ModelLoader.h">
      <Filter>Header Files\Render Header</Filter>
    </ClInclude>
    <ClInclude Include="Camera.h">
      <Filter>Header Files\Render Header</Filter>
    </ClInclude>
    <ClInclude Include="Input.h">
      <Filter>Header Files\Render Header</Filter>
    </ClInclude>
    <ClInclude Include="ChemicalContainer.h">
      <Filter>Header Files\Eve Header</Filter>
    </ClInclude>
    <ClInclude Include="InfoWindow.h">
      <Filter>Header Files\Window</Filter>
    </ClInclude>
    <ClInclude Include="HardwareAcceleration.h">
      <Filter>Stuff thats not done</Filter>
    </ClInclude>
    <ClInclude Include="NeuralNetwork.h">
      <Filter>Header Files\NeuralNetwork</Filter>
    </ClInclude>
    <ClInclude Include="CellInfoWindow.h">
      <Filter>Header Files\Window</Filter>
    </ClInclude>
    <ClInclude Include="DNA.h">
      <Filter>Header Files\Eve Header</Filter>
    </ClInclude>
    <ClInclude Include="Flagellum.h">
      <Filter>Header Files\Eve Header</Filter>
    </ClInclude>
  </ItemGroup>
  <ItemGroup>
    <ClCompile Include="Source.cpp">
      <Filter>Source Files</Filter>
    </ClCompile>
    <ClCompile Include="Texture.cpp">
      <Filter>Source Files\Render</Filter>
    </ClCompile>
    <ClCompile Include="RenderClass.cpp">
      <Filter>Source Files\Render</Filter>
    </ClCompile>
    <ClCompile Include="Model.cpp">
      <Filter>Source Files\Render</Filter>
    </ClCompile>
    <ClCompile Include="World.cpp">
      <Filter>Source Files\Eve</Filter>
    </ClCompile>
    <ClCompile Include="Chunk.cpp">
      <Filter>Source Files\Eve</Filter>
    </ClCompile>
    <ClCompile Include="Cell.cpp">
      <Filter>Source Files\Eve</Filter>
    </ClCompile>
    <ClCompile Include="ModelLoader.cpp">
      <Filter>Source Files\Render</Filter>
    </ClCompile>
    <ClCompile Include="Camera.cpp">
      <Filter>Source Files\Render</Filter>
    </ClCompile>
    <ClCompile Include="Input.cpp">
      <Filter>Source Files\Render</Filter>
    </ClCompile>
    <ClCompile Include="ChemicalContainer.cpp">
      <Filter>Source Files\Eve</Filter>
    </ClCompile>
    <ClCompile Include="InfoWindow.cpp">
      <Filter>Source Files\Window</Filter>
    </ClCompile>
    <ClCompile Include="HardwareAcceleration.cpp">
      <Filter>Stuff thats not done</Filter>
    </ClCompile>
    <ClCompile Include="NeuralNetwork.cpp">
      <Filter>Source Files\NeuralNetwork</Filter>
    </ClCompile>
    <ClCompile Include="CellInfoWindow.cpp">
      <Filter>Source Files\Window</Filter>
    </ClCompile>
    <ClCompile Include="DNA.cpp">
      <Filter>Source Files\Eve</Filter>
    </ClCompile>
    <ClCompile Include="Flagellum.cpp">
      <Filter>Source Files\Eve</Filter>
    </ClCompile>
  </ItemGroup>
  <ItemGroup>
    <FxCompile Include="shader.HLSL">
      <Filter>Shader</Filter>
    </FxCompile>
    <FxCompile Include="hardwareAccelerationShader.HLSL">
      <Filter>Stuff thats not done</Filter>
    </FxCompile>
  </ItemGroup>
</Project>